
Microsoft Visual Studio Solution File, Format Version 12.00
# Visual Studio Version 16
VisualStudioVersion = 16.0.31829.152
MinimumVisualStudioVersion = 10.0.40219.1
Project("{9A19103F-16F7-4668-BE54-9A1E7A4F7556}") = "LogisticAPI", "LogisticAPI\LogisticAPI.csproj", "{297830AE-343A-4628-B808-03FA3336DEDF}"
EndProject
Project("{FAE04EC0-301F-11D3-BF4B-00C04F79EFBC}") = "LogisticAPI.Test", "LogisticAPI.Test\LogisticAPI.Test.csproj", "{4F3A561B-D19A-45DD-903D-373AA40ED7A7}"
EndProject
Global
	GlobalSection(SolutionConfigurationPlatforms) = preSolution
		Debug|Any CPU = Debug|Any CPU
		Release|Any CPU = Release|Any CPU
	EndGlobalSection
	GlobalSection(ProjectConfigurationPlatforms) = postSolution
		{297830AE-343A-4628-B808-03FA3336DEDF}.Debug|Any CPU.ActiveCfg = Debug|Any CPU
		{297830AE-343A-4628-B808-03FA3336DEDF}.Debug|Any CPU.Build.0 = Debug|Any CPU
		{297830AE-343A-4628-B808-03FA3336DEDF}.Release|Any CPU.ActiveCfg = Release|Any CPU
		{297830AE-343A-4628-B808-03FA3336DEDF}.Release|Any CPU.Build.0 = Release|Any CPU
		{4F3A561B-D19A-45DD-903D-373AA40ED7A7}.Debug|Any CPU.ActiveCfg = Debug|Any CPU
		{4F3A561B-D19A-45DD-903D-373AA40ED7A7}.Debug|Any CPU.Build.0 = Debug|Any CPU
		{4F3A561B-D19A-45DD-903D-373AA40ED7A7}.Release|Any CPU.ActiveCfg = Release|Any CPU
		{4F3A561B-D19A-45DD-903D-373AA40ED7A7}.Release|Any CPU.Build.0 = Release|Any CPU
	EndGlobalSection
	GlobalSection(SolutionProperties) = preSolution
		HideSolutionNode = FALSE
	EndGlobalSection
	GlobalSection(ExtensibilityGlobals) = postSolution
		SolutionGuid = {FA6A0D1D-6BD1-4A31-BAFA-43A11F932DBC}
	EndGlobalSection
EndGlobal
